
Microsoft Visual Studio Solution File, Format Version 12.00
# Visual Studio Version 16
VisualStudioVersion = 16.0.30128.36
MinimumVisualStudioVersion = 10.0.40219.1
Project("{9A19103F-16F7-4668-BE54-9A1E7A4F7556}") = "API", "API\API.csproj", "{ABD9E751-1C79-4FC5-8DEA-D8548AC39455}"
EndProject
Project("{2150E333-8FDC-42A3-9474-1A3956D46DE8}") = "Services", "Services", "{2DFAF3E1-07B3-455C-AD0A-C00F36B871BC}"
EndProject
Project("{2150E333-8FDC-42A3-9474-1A3956D46DE8}") = "Aplication", "Aplication", "{03839A1E-3EAA-44C4-B241-A6AEDC205843}"
EndProject
Project("{2150E333-8FDC-42A3-9474-1A3956D46DE8}") = "Domain", "Domain", "{3776A52E-75B2-422C-BF70-51874354A4D5}"
EndProject
Project("{2150E333-8FDC-42A3-9474-1A3956D46DE8}") = "Infra", "Infra", "{91383F36-E3A9-41DA-8FC1-6A7A87928FF6}"
EndProject
Project("{2150E333-8FDC-42A3-9474-1A3956D46DE8}") = "Data", "Data", "{F7CFEFFF-73F6-419F-AF38-98DECBCE1994}"
EndProject
Project("{9A19103F-16F7-4668-BE54-9A1E7A4F7556}") = "TooSeguros.Domain", "TooSeguros.Domain\TooSeguros.Domain.csproj", "{1D7C71C0-A325-4838-8B5E-1C716D127814}"
EndProject
Project("{9A19103F-16F7-4668-BE54-9A1E7A4F7556}") = "TooSeguros.Infra.Data", "TooSeguros.Infra.Data\TooSeguros.Infra.Data.csproj", "{66632052-B822-4745-B951-7B84DAFF9B6F}"
EndProject
Project("{9A19103F-16F7-4668-BE54-9A1E7A4F7556}") = "TooSeguros.Services", "TooSeguros.Services\TooSeguros.Services.csproj", "{1F5AC3AF-BD64-4A10-99FF-8E46A952A325}"
EndProject
Project("{2150E333-8FDC-42A3-9474-1A3956D46DE8}") = "Api", "Api", "{BF137E83-79BC-488C-B1E2-4758ED9FC8AD}"
EndProject
Project("{9A19103F-16F7-4668-BE54-9A1E7A4F7556}") = "Application", "Application\Application.csproj", "{6CE40741-3D8B-4A23-9277-DDB9D538CD84}"
EndProject
Project("{2150E333-8FDC-42A3-9474-1A3956D46DE8}") = "Test", "Test", "{E94FF591-7FE8-4479-BB0D-22A6608FFFDD}"
EndProject
Project("{FAE04EC0-301F-11D3-BF4B-00C04F79EFBC}") = "Tests", "Tests\Tests.csproj", "{0A513CCD-C572-4363-95B7-1BAA9B8F68C5}"
EndProject
Global
	GlobalSection(SolutionConfigurationPlatforms) = preSolution
		Debug|Any CPU = Debug|Any CPU
		Release|Any CPU = Release|Any CPU
	EndGlobalSection
	GlobalSection(ProjectConfigurationPlatforms) = postSolution
		{ABD9E751-1C79-4FC5-8DEA-D8548AC39455}.Debug|Any CPU.ActiveCfg = Debug|Any CPU
		{ABD9E751-1C79-4FC5-8DEA-D8548AC39455}.Debug|Any CPU.Build.0 = Debug|Any CPU
		{ABD9E751-1C79-4FC5-8DEA-D8548AC39455}.Release|Any CPU.ActiveCfg = Release|Any CPU
		{ABD9E751-1C79-4FC5-8DEA-D8548AC39455}.Release|Any CPU.Build.0 = Release|Any CPU
		{1D7C71C0-A325-4838-8B5E-1C716D127814}.Debug|Any CPU.ActiveCfg = Debug|Any CPU
		{1D7C71C0-A325-4838-8B5E-1C716D127814}.Debug|Any CPU.Build.0 = Debug|Any CPU
		{1D7C71C0-A325-4838-8B5E-1C716D127814}.Release|Any CPU.ActiveCfg = Release|Any CPU
		{1D7C71C0-A325-4838-8B5E-1C716D127814}.Release|Any CPU.Build.0 = Release|Any CPU
		{66632052-B822-4745-B951-7B84DAFF9B6F}.Debug|Any CPU.ActiveCfg = Debug|Any CPU
		{66632052-B822-4745-B951-7B84DAFF9B6F}.Debug|Any CPU.Build.0 = Debug|Any CPU
		{66632052-B822-4745-B951-7B84DAFF9B6F}.Release|Any CPU.ActiveCfg = Release|Any CPU
		{66632052-B822-4745-B951-7B84DAFF9B6F}.Release|Any CPU.Build.0 = Release|Any CPU
		{1F5AC3AF-BD64-4A10-99FF-8E46A952A325}.Debug|Any CPU.ActiveCfg = Debug|Any CPU
		{1F5AC3AF-BD64-4A10-99FF-8E46A952A325}.Debug|Any CPU.Build.0 = Debug|Any CPU
		{1F5AC3AF-BD64-4A10-99FF-8E46A952A325}.Release|Any CPU.ActiveCfg = Release|Any CPU
		{1F5AC3AF-BD64-4A10-99FF-8E46A952A325}.Release|Any CPU.Build.0 = Release|Any CPU
		{6CE40741-3D8B-4A23-9277-DDB9D538CD84}.Debug|Any CPU.ActiveCfg = Debug|Any CPU
		{6CE40741-3D8B-4A23-9277-DDB9D538CD84}.Debug|Any CPU.Build.0 = Debug|Any CPU
		{6CE40741-3D8B-4A23-9277-DDB9D538CD84}.Release|Any CPU.ActiveCfg = Release|Any CPU
		{6CE40741-3D8B-4A23-9277-DDB9D538CD84}.Release|Any CPU.Build.0 = Release|Any CPU
		{0A513CCD-C572-4363-95B7-1BAA9B8F68C5}.Debug|Any CPU.ActiveCfg = Debug|Any CPU
		{0A513CCD-C572-4363-95B7-1BAA9B8F68C5}.Debug|Any CPU.Build.0 = Debug|Any CPU
		{0A513CCD-C572-4363-95B7-1BAA9B8F68C5}.Release|Any CPU.ActiveCfg = Release|Any CPU
		{0A513CCD-C572-4363-95B7-1BAA9B8F68C5}.Release|Any CPU.Build.0 = Release|Any CPU
	EndGlobalSection
	GlobalSection(SolutionProperties) = preSolution
		HideSolutionNode = FALSE
	EndGlobalSection
	GlobalSection(NestedProjects) = preSolution
		{ABD9E751-1C79-4FC5-8DEA-D8548AC39455} = {BF137E83-79BC-488C-B1E2-4758ED9FC8AD}
		{F7CFEFFF-73F6-419F-AF38-98DECBCE1994} = {91383F36-E3A9-41DA-8FC1-6A7A87928FF6}
		{1D7C71C0-A325-4838-8B5E-1C716D127814} = {3776A52E-75B2-422C-BF70-51874354A4D5}
		{66632052-B822-4745-B951-7B84DAFF9B6F} = {F7CFEFFF-73F6-419F-AF38-98DECBCE1994}
		{1F5AC3AF-BD64-4A10-99FF-8E46A952A325} = {2DFAF3E1-07B3-455C-AD0A-C00F36B871BC}
		{6CE40741-3D8B-4A23-9277-DDB9D538CD84} = {03839A1E-3EAA-44C4-B241-A6AEDC205843}
		{0A513CCD-C572-4363-95B7-1BAA9B8F68C5} = {E94FF591-7FE8-4479-BB0D-22A6608FFFDD}
	EndGlobalSection
	GlobalSection(ExtensibilityGlobals) = postSolution
		SolutionGuid = {2CEB0E7F-0D97-45BB-A02A-4675FD6A3642}
	EndGlobalSection
EndGlobal
